dependencies:
- name: mongodb
  repository: https://charts.bitnami.com/bitnami
  version: 7.8.10
- name: rabbitmq
  repository: https://charts.bitnami.com/bitnami
  version: 7.6.9
- name: nginx-ingress-controller
  repository: https://charts.bitnami.com/bitnami
  version: 7.5.0
- name: metrics-server
  repository: https://charts.bitnami.com/bitnami
  version: 5.3.1
- name: cert-manager
  repository: https://charts.jetstack.io
  version: v1.2.0
- name: kong
  repository: https://charts.bitnami.com/bitnami
  version: 3.4.5
digest: sha256:499f76e76abc3c561cc53496627899e15e6d645321c726fc98349d0e93798e86
generated: "2021-03-27T18:21:36.385891+01:00"
